<?xml version="1.0" encoding="utf-8"?>
<Project ToolsVersion="4.0" xmlns="http://schemas.microsoft.com/developer/msbuild/2003">
  <ItemGroup>
    <Filter Include="02. Scripts">
      <UniqueIdentifier>{58463194-7e2d-4640-8261-8d840a299147}</UniqueIdentifier>
    </Filter>
    <Filter Include="Default">
      <UniqueIdentifier>{25ac50d8-7077-4942-b528-fb426bd7b977}</UniqueIdentifier>
    </Filter>
    <Filter Include="01. ScriptMgr">
      <UniqueIdentifier>{519bfe54-78b0-4cbd-b98b-68f1ffe805a7}</UniqueIdentifier>
    </Filter>
  </ItemGroup>
  <ItemGroup>
    <ClInclude Include="framework.h">
      <Filter>Default</Filter>
    </ClInclude>
    <ClInclude Include="pch.h">
      <Filter>Default</Filter>
    </ClInclude>
    <ClInclude Include="CCameraScript.h">
      <Filter>02. Scripts</Filter>
    </ClInclude>
    <ClInclude Include="CMissileScript.h">
      <Filter>02. Scripts</Filter>
    </ClInclude>
    <ClInclude Include="CPlayerScript.h">
      <Filter>02. Scripts</Filter>
    </ClInclude>
    <ClInclude Include="CScriptMgr.h">
      <Filter>01. ScriptMgr</Filter>
    </ClInclude>
    <ClInclude Include="CCollisionReactScript.h" />
    <ClInclude Include="CMonsterScript.h" />
    <ClInclude Include="CMouseScript.h" />
    <ClInclude Include="CParticleSystemScript.h" />
    <ClInclude Include="CPlatformScript.h" />
  </ItemGroup>
  <ItemGroup>
    <ClCompile Include="pch.cpp">
      <Filter>Default</Filter>
    </ClCompile>
    <ClCompile Include="Scripts.cpp">
      <Filter>Default</Filter>
    </ClCompile>
    <ClCompile Include="CCameraScript.cpp">
      <Filter>02. Scripts</Filter>
    </ClCompile>
    <ClCompile Include="CMissileScript.cpp">
      <Filter>02. Scripts</Filter>
    </ClCompile>
    <ClCompile Include="CPlayerScript.cpp">
      <Filter>02. Scripts</Filter>
    </ClCompile>
    <ClCompile Include="CScriptMgr.cpp">
      <Filter>01. ScriptMgr</Filter>
    </ClCompile>
    <ClCompile Include="CCollisionReactScript.cpp" />
    <ClCompile Include="CMonsterScript.cpp" />
    <ClCompile Include="CMouseScript.cpp" />
    <ClCompile Include="CParticleSystemScript.cpp" />
    <ClCompile Include="CPlatformScript.cpp" />
  </ItemGroup>
</Project>